// !$*UTF8*$!
{
	archiveVersion = 1;
	classes = {
	};
	objectVersion = 56;
	objects = {

/* Begin PBXBuildFile section */
		230A54F72BEF541700F61314 /* AppDelegate.swift in Sources */ = {isa = PBXBuildFile; fileRef = 230A54F62BEF541700F61314 /* AppDelegate.swift */; };
		230A54F92BEF541700F61314 /* SceneDelegate.swift in Sources */ = {isa = PBXBuildFile; fileRef = 230A54F82BEF541700F61314 /* SceneDelegate.swift */; };
		230A54FB2BEF541700F61314 /* ConversationsViewController.swift in Sources */ = {isa = PBXBuildFile; fileRef = 230A54FA2BEF541700F61314 /* ConversationsViewController.swift */; };
		230A54FE2BEF541700F61314 /* Base in Resources */ = {isa = PBXBuildFile; fileRef = 230A54FD2BEF541700F61314 /* Base */; };
		230A55002BEF541900F61314 /* Assets.xcassets in Resources */ = {isa = PBXBuildFile; fileRef = 230A54FF2BEF541900F61314 /* Assets.xcassets */; };
		230A55032BEF541900F61314 /* Base in Resources */ = {isa = PBXBuildFile; fileRef = 230A55022BEF541900F61314 /* Base */; };
		230A550E2BEF541900F61314 /* ChatAppTests.swift in Sources */ = {isa = PBXBuildFile; fileRef = 230A550D2BEF541900F61314 /* ChatAppTests.swift */; };
		230A55182BEF541900F61314 /* ChatAppUITests.swift in Sources */ = {isa = PBXBuildFile; fileRef = 230A55172BEF541900F61314 /* ChatAppUITests.swift */; };
		230A551A2BEF541900F61314 /* ChatAppUITestsLaunchTests.swift in Sources */ = {isa = PBXBuildFile; fileRef = 230A55192BEF541900F61314 /* ChatAppUITestsLaunchTests.swift */; };
		230A552D2BEF583500F61314 /* LoginViewController.swift in Sources */ = {isa = PBXBuildFile; fileRef = 230A552C2BEF583500F61314 /* LoginViewController.swift */; };
		230A552F2BEF586A00F61314 /* RegisterViewController.swift in Sources */ = {isa = PBXBuildFile; fileRef = 230A552E2BEF586A00F61314 /* RegisterViewController.swift */; };
		230A55312BEF591A00F61314 /* PhotoViewerViewController.swift in Sources */ = {isa = PBXBuildFile; fileRef = 230A55302BEF591900F61314 /* PhotoViewerViewController.swift */; };
		230A55332BEF592F00F61314 /* VideoPlayerViewController.swift in Sources */ = {isa = PBXBuildFile; fileRef = 230A55322BEF592F00F61314 /* VideoPlayerViewController.swift */; };
		230A55352BEF594200F61314 /* NewConversationViewController.swift in Sources */ = {isa = PBXBuildFile; fileRef = 230A55342BEF594200F61314 /* NewConversationViewController.swift */; };
		230A55372BEF595D00F61314 /* ProfileViewController.swift in Sources */ = {isa = PBXBuildFile; fileRef = 230A55362BEF595D00F61314 /* ProfileViewController.swift */; };
		230A553A2BEF614B00F61314 /* Extensions.swift in Sources */ = {isa = PBXBuildFile; fileRef = 230A55392BEF614B00F61314 /* Extensions.swift */; };
		23D875592BEFE661002B3DC7 /* GoogleService-Info.plist in Resources */ = {isa = PBXBuildFile; fileRef = 23D875582BEFE661002B3DC7 /* GoogleService-Info.plist */; };
		A263F78E61EF8F1CA2CEFEC7 /* Pods_ChatApp.framework in Frameworks */ = {isa = PBXBuildFile; fileRef = 09A29F69049D1C750F8AE27D /* Pods_ChatApp.framework */; };
		E6B783D19648C9474413CE27 /* Pods_ChatAppTests.framework in Frameworks */ = {isa = PBXBuildFile; fileRef = BFE29C9DED3EF84BA7348664 /* Pods_ChatAppTests.framework */; };
		E9379EB087070E1AE4BFF354 /* Pods_ChatApp_ChatAppUITests.framework in Frameworks */ = {isa = PBXBuildFile; fileRef = F4ADF667E0CA22154E5234D9 /* Pods_ChatApp_ChatAppUITests.framework */; };
/* End PBXBuildFile section */

/* Begin PBXContainerItemProxy section */
		230A550A2BEF541900F61314 /* PBXContainerItemProxy */ = {
			isa = PBXContainerItemProxy;
			containerPortal = 230A54EB2BEF541700F61314 /* Project object */;
			proxyType = 1;
			remoteGlobalIDString = 230A54F22BEF541700F61314;
			remoteInfo = ChatApp;
		};
		230A55142BEF541900F61314 /* PBXContainerItemProxy */ = {
			isa = PBXContainerItemProxy;
			containerPortal = 230A54EB2BEF541700F61314 /* Project object */;
			proxyType = 1;
			remoteGlobalIDString = 230A54F22BEF541700F61314;
			remoteInfo = ChatApp;
		};
/* End PBXContainerItemProxy section */

/* Begin PBXFileReference section */
		0410E77414A47C6D462F0D9A /* Pods-ChatApp-ChatAppUITests.release.xcconfig */ = {isa = PBXFileReference; includeInIndex = 1; lastKnownFileType = text.xcconfig; name = "Pods-ChatApp-ChatAppUITests.release.xcconfig"; path = "Target Support Files/Pods-ChatApp-ChatAppUITests/Pods-ChatApp-ChatAppUITests.release.xcconfig"; sourceTree = "<group>"; };
		09A29F69049D1C750F8AE27D /* Pods_ChatApp.framework */ = {isa = PBXFileReference; explicitFileType = wrapper.framework; includeInIndex = 0; path = Pods_ChatApp.framework; sourceTree = BUILT_PRODUCTS_DIR; };
		21C8A737CEECAE0EA13D9A56 /* Pods-ChatApp-ChatAppUITests.debug.xcconfig */ = {isa = PBXFileReference; includeInIndex = 1; lastKnownFileType = text.xcconfig; name = "Pods-ChatApp-ChatAppUITests.debug.xcconfig"; path = "Target Support Files/Pods-ChatApp-ChatAppUITests/Pods-ChatApp-ChatAppUITests.debug.xcconfig"; sourceTree = "<group>"; };
		230A54F32BEF541700F61314 /* ChatApp.app */ = {isa = PBXFileReference; explicitFileType = wrapper.application; includeInIndex = 0; path = ChatApp.app; sourceTree = BUILT_PRODUCTS_DIR; };
		230A54F62BEF541700F61314 /* AppDelegate.swift */ = {isa = PBXFileReference; lastKnownFileType = sourcecode.swift; path = AppDelegate.swift; sourceTree = "<group>"; };
		230A54F82BEF541700F61314 /* SceneDelegate.swift */ = {isa = PBXFileReference; lastKnownFileType = sourcecode.swift; path = SceneDelegate.swift; sourceTree = "<group>"; };
		230A54FA2BEF541700F61314 /* ConversationsViewController.swift */ = {isa = PBXFileReference; lastKnownFileType = sourcecode.swift; path = ConversationsViewController.swift; sourceTree = "<group>"; };
		230A54FD2BEF541700F61314 /* Base */ = {isa = PBXFileReference; lastKnownFileType = file.storyboard; name = Base; path = Base.lproj/Main.storyboard; sourceTree = "<group>"; };
		230A54FF2BEF541900F61314 /* Assets.xcassets */ = {isa = PBXFileReference; lastKnownFileType = folder.assetcatalog; path = Assets.xcassets; sourceTree = "<group>"; };
		230A55022BEF541900F61314 /* Base */ = {isa = PBXFileReference; lastKnownFileType = file.storyboard; name = Base; path = Base.lproj/LaunchScreen.storyboard; sourceTree = "<group>"; };
		230A55042BEF541900F61314 /* Info.plist */ = {isa = PBXFileReference; lastKnownFileType = text.plist.xml; path = Info.plist; sourceTree = "<group>"; };
		230A55092BEF541900F61314 /* ChatAppTests.xctest */ = {isa = PBXFileReference; explicitFileType = wrapper.cfbundle; includeInIndex = 0; path = ChatAppTests.xctest; sourceTree = BUILT_PRODUCTS_DIR; };
		230A550D2BEF541900F61314 /* ChatAppTests.swift */ = {isa = PBXFileReference; lastKnownFileType = sourcecode.swift; path = ChatAppTests.swift; sourceTree = "<group>"; };
		230A55132BEF541900F61314 /* ChatAppUITests.xctest */ = {isa = PBXFileReference; explicitFileType = wrapper.cfbundle; includeInIndex = 0; path = ChatAppUITests.xctest; sourceTree = BUILT_PRODUCTS_DIR; };
		230A55172BEF541900F61314 /* ChatAppUITests.swift */ = {isa = PBXFileReference; lastKnownFileType = sourcecode.swift; path = ChatAppUITests.swift; sourceTree = "<group>"; };
		230A55192BEF541900F61314 /* ChatAppUITestsLaunchTests.swift */ = {isa = PBXFileReference; lastKnownFileType = sourcecode.swift; path = ChatAppUITestsLaunchTests.swift; sourceTree = "<group>"; };
		230A552C2BEF583500F61314 /* LoginViewController.swift */ = {isa = PBXFileReference; lastKnownFileType = sourcecode.swift; path = LoginViewController.swift; sourceTree = "<group>"; };
		230A552E2BEF586A00F61314 /* RegisterViewController.swift */ = {isa = PBXFileReference; lastKnownFileType = sourcecode.swift; path = RegisterViewController.swift; sourceTree = "<group>"; };
		230A55302BEF591900F61314 /* PhotoViewerViewController.swift */ = {isa = PBXFileReference; lastKnownFileType = sourcecode.swift; path = PhotoViewerViewController.swift; sourceTree = "<group>"; };
		230A55322BEF592F00F61314 /* VideoPlayerViewController.swift */ = {isa = PBXFileReference; lastKnownFileType = sourcecode.swift; path = VideoPlayerViewController.swift; sourceTree = "<group>"; };
		230A55342BEF594200F61314 /* NewConversationViewController.swift */ = {isa = PBXFileReference; lastKnownFileType = sourcecode.swift; path = NewConversationViewController.swift; sourceTree = "<group>"; };
		230A55362BEF595D00F61314 /* ProfileViewController.swift */ = {isa = PBXFileReference; lastKnownFileType = sourcecode.swift; path = ProfileViewController.swift; sourceTree = "<group>"; };
		230A55392BEF614B00F61314 /* Extensions.swift */ = {isa = PBXFileReference; lastKnownFileType = sourcecode.swift; path = Extensions.swift; sourceTree = "<group>"; };
		23D875582BEFE661002B3DC7 /* GoogleService-Info.plist */ = {isa = PBXFileReference; fileEncoding = 4; lastKnownFileType = text.plist.xml; path = "GoogleService-Info.plist"; sourceTree = "<group>"; };
		85031B403CB03ED9167F4B5A /* Pods-ChatApp.debug.xcconfig */ = {isa = PBXFileReference; includeInIndex = 1; lastKnownFileType = text.xcconfig; name = "Pods-ChatApp.debug.xcconfig"; path = "Target Support Files/Pods-ChatApp/Pods-ChatApp.debug.xcconfig"; sourceTree = "<group>"; };
		882D52A8C7A8C97BD7D11E08 /* Pods-ChatAppTests.debug.xcconfig */ = {isa = PBXFileReference; includeInIndex = 1; lastKnownFileType = text.xcconfig; name = "Pods-ChatAppTests.debug.xcconfig"; path = "Target Support Files/Pods-ChatAppTests/Pods-ChatAppTests.debug.xcconfig"; sourceTree = "<group>"; };
		BFE29C9DED3EF84BA7348664 /* Pods_ChatAppTests.framework */ = {isa = PBXFileReference; explicitFileType = wrapper.framework; includeInIndex = 0; path = Pods_ChatAppTests.framework; sourceTree = BUILT_PRODUCTS_DIR; };
		CD440CCA6220683FFBF396F0 /* Pods-ChatApp.release.xcconfig */ = {isa = PBXFileReference; includeInIndex = 1; lastKnownFileType = text.xcconfig; name = "Pods-ChatApp.release.xcconfig"; path = "Target Support Files/Pods-ChatApp/Pods-ChatApp.release.xcconfig"; sourceTree = "<group>"; };
		D23F17A965DFD671BADFC533 /* Pods-ChatAppTests.release.xcconfig */ = {isa = PBXFileReference; includeInIndex = 1; lastKnownFileType = text.xcconfig; name = "Pods-ChatAppTests.release.xcconfig"; path = "Target Support Files/Pods-ChatAppTests/Pods-ChatAppTests.release.xcconfig"; sourceTree = "<group>"; };
		F4ADF667E0CA22154E5234D9 /* Pods_ChatApp_ChatAppUITests.framework */ = {isa = PBXFileReference; explicitFileType = wrapper.framework; includeInIndex = 0; path = Pods_ChatApp_ChatAppUITests.framework; sourceTree = BUILT_PRODUCTS_DIR; };
/* End PBXFileReference section */

/* Begin PBXFrameworksBuildPhase section */
		230A54F02BEF541700F61314 /* Frameworks */ = {
			isa = PBXFrameworksBuildPhase;
			buildActionMask = 2147483647;
			files = (
				A263F78E61EF8F1CA2CEFEC7 /* Pods_ChatApp.framework in Frameworks */,
			);
			runOnlyForDeploymentPostprocessing = 0;
		};
		230A55062BEF541900F61314 /* Frameworks */ = {
			isa = PBXFrameworksBuildPhase;
			buildActionMask = 2147483647;
			files = (
				E6B783D19648C9474413CE27 /* Pods_ChatAppTests.framework in Frameworks */,
			);
			runOnlyForDeploymentPostprocessing = 0;
		};
		230A55102BEF541900F61314 /* Frameworks */ = {
			isa = PBXFrameworksBuildPhase;
			buildActionMask = 2147483647;
			files = (
				E9379EB087070E1AE4BFF354 /* Pods_ChatApp_ChatAppUITests.framework in Frameworks */,
			);
			runOnlyForDeploymentPostprocessing = 0;
		};
/* End PBXFrameworksBuildPhase section */

/* Begin PBXGroup section */
		230A54EA2BEF541700F61314 = {
			isa = PBXGroup;
			children = (
				230A54F52BEF541700F61314 /* ChatApp */,
				230A550C2BEF541900F61314 /* ChatAppTests */,
				230A55162BEF541900F61314 /* ChatAppUITests */,
				230A54F42BEF541700F61314 /* Products */,
				E5E0EF4EC67A3C38E964FA96 /* Pods */,
				E3CDBDD289CAB4FC73DB046F /* Frameworks */,
			);
			sourceTree = "<group>";
		};
		230A54F42BEF541700F61314 /* Products */ = {
			isa = PBXGroup;
			children = (
				230A54F32BEF541700F61314 /* ChatApp.app */,
				230A55092BEF541900F61314 /* ChatAppTests.xctest */,
				230A55132BEF541900F61314 /* ChatAppUITests.xctest */,
			);
			name = Products;
			sourceTree = "<group>";
		};
		230A54F52BEF541700F61314 /* ChatApp */ = {
			isa = PBXGroup;
			children = (
				23D875582BEFE661002B3DC7 /* GoogleService-Info.plist */,
				230A552A2BEF552B00F61314 /* Resources */,
				230A55292BEF552200F61314 /* ViewModels */,
				230A55282BEF551D00F61314 /* Models */,
				230A55272BEF551900F61314 /* Views */,
				230A55262BEF550900F61314 /* Controllers */,
				230A55042BEF541900F61314 /* Info.plist */,
			);
			path = ChatApp;
			sourceTree = "<group>";
		};
		230A550C2BEF541900F61314 /* ChatAppTests */ = {
			isa = PBXGroup;
			children = (
				230A550D2BEF541900F61314 /* ChatAppTests.swift */,
			);
			path = ChatAppTests;
			sourceTree = "<group>";
		};
		230A55162BEF541900F61314 /* ChatAppUITests */ = {
			isa = PBXGroup;
			children = (
				230A55172BEF541900F61314 /* ChatAppUITests.swift */,
				230A55192BEF541900F61314 /* ChatAppUITestsLaunchTests.swift */,
			);
			path = ChatAppUITests;
			sourceTree = "<group>";
		};
		230A55262BEF550900F61314 /* Controllers */ = {
			isa = PBXGroup;
			children = (
				230A54FA2BEF541700F61314 /* ConversationsViewController.swift */,
				230A55382BEF5AD000F61314 /* Login */,
				230A55302BEF591900F61314 /* PhotoViewerViewController.swift */,
				230A55322BEF592F00F61314 /* VideoPlayerViewController.swift */,
				230A55342BEF594200F61314 /* NewConversationViewController.swift */,
				230A55362BEF595D00F61314 /* ProfileViewController.swift */,
			);
			path = Controllers;
			sourceTree = "<group>";
		};
		230A55272BEF551900F61314 /* Views */ = {
			isa = PBXGroup;
			children = (
				230A552B2BEF557F00F61314 /* Storyboards */,
				230A54FF2BEF541900F61314 /* Assets.xcassets */,
			);
			path = Views;
			sourceTree = "<group>";
		};
		230A55282BEF551D00F61314 /* Models */ = {
			isa = PBXGroup;
			children = (
			);
			path = Models;
			sourceTree = "<group>";
		};
		230A55292BEF552200F61314 /* ViewModels */ = {
			isa = PBXGroup;
			children = (
			);
			path = ViewModels;
			sourceTree = "<group>";
		};
		230A552A2BEF552B00F61314 /* Resources */ = {
			isa = PBXGroup;
			children = (
				230A54F62BEF541700F61314 /* AppDelegate.swift */,
				230A54F82BEF541700F61314 /* SceneDelegate.swift */,
				230A55392BEF614B00F61314 /* Extensions.swift */,
			);
			path = Resources;
			sourceTree = "<group>";
		};
		230A552B2BEF557F00F61314 /* Storyboards */ = {
			isa = PBXGroup;
			children = (
				230A54FC2BEF541700F61314 /* Main.storyboard */,
				230A55012BEF541900F61314 /* LaunchScreen.storyboard */,
			);
			path = Storyboards;
			sourceTree = "<group>";
		};
		230A55382BEF5AD000F61314 /* Login */ = {
			isa = PBXGroup;
			children = (
				230A552C2BEF583500F61314 /* LoginViewController.swift */,
				230A552E2BEF586A00F61314 /* RegisterViewController.swift */,
			);
			path = Login;
			sourceTree = "<group>";
		};
		E3CDBDD289CAB4FC73DB046F /* Frameworks */ = {
			isa = PBXGroup;
			children = (
				09A29F69049D1C750F8AE27D /* Pods_ChatApp.framework */,
				F4ADF667E0CA22154E5234D9 /* Pods_ChatApp_ChatAppUITests.framework */,
				BFE29C9DED3EF84BA7348664 /* Pods_ChatAppTests.framework */,
			);
			name = Frameworks;
			sourceTree = "<group>";
		};
		E5E0EF4EC67A3C38E964FA96 /* Pods */ = {
			isa = PBXGroup;
			children = (
				85031B403CB03ED9167F4B5A /* Pods-ChatApp.debug.xcconfig */,
				CD440CCA6220683FFBF396F0 /* Pods-ChatApp.release.xcconfig */,
				21C8A737CEECAE0EA13D9A56 /* Pods-ChatApp-ChatAppUITests.debug.xcconfig */,
				0410E77414A47C6D462F0D9A /* Pods-ChatApp-ChatAppUITests.release.xcconfig */,
				882D52A8C7A8C97BD7D11E08 /* Pods-ChatAppTests.debug.xcconfig */,
				D23F17A965DFD671BADFC533 /* Pods-ChatAppTests.release.xcconfig */,
			);
			path = Pods;
			sourceTree = "<group>";
		};
/* End PBXGroup section */

/* Begin PBXNativeTarget section */
		230A54F22BEF541700F61314 /* ChatApp */ = {
			isa = PBXNativeTarget;
			buildConfigurationList = 230A551D2BEF541900F61314 /* Build configuration list for PBXNativeTarget "ChatApp" */;
			buildPhases = (
				0F74738722B92D0193EAC268 /* [CP] Check Pods Manifest.lock */,
				230A54EF2BEF541700F61314 /* Sources */,
				230A54F02BEF541700F61314 /* Frameworks */,
				230A54F12BEF541700F61314 /* Resources */,
				90EF719572962072FFC435D1 /* [CP] Embed Pods Frameworks */,
			);
			buildRules = (
			);
			dependencies = (
			);
			name = ChatApp;
			productName = ChatApp;
			productReference = 230A54F32BEF541700F61314 /* ChatApp.app */;
			productType = "com.apple.product-type.application";
		};
		230A55082BEF541900F61314 /* ChatAppTests */ = {
			isa = PBXNativeTarget;
			buildConfigurationList = 230A55202BEF541900F61314 /* Build configuration list for PBXNativeTarget "ChatAppTests" */;
			buildPhases = (
				C4F82766E9E54B7632C73F2F /* [CP] Check Pods Manifest.lock */,
				230A55052BEF541900F61314 /* Sources */,
				230A55062BEF541900F61314 /* Frameworks */,
				230A55072BEF541900F61314 /* Resources */,
			);
			buildRules = (
			);
			dependencies = (
				230A550B2BEF541900F61314 /* PBXTargetDependency */,
			);
			name = ChatAppTests;
			productName = ChatAppTests;
			productReference = 230A55092BEF541900F61314 /* ChatAppTests.xctest */;
			productType = "com.apple.product-type.bundle.unit-test";
		};
		230A55122BEF541900F61314 /* ChatAppUITests */ = {
			isa = PBXNativeTarget;
			buildConfigurationList = 230A55232BEF541900F61314 /* Build configuration list for PBXNativeTarget "ChatAppUITests" */;
			buildPhases = (
				D26FF7B94013D3363A7D2296 /* [CP] Check Pods Manifest.lock */,
				230A550F2BEF541900F61314 /* Sources */,
				230A55102BEF541900F61314 /* Frameworks */,
				230A55112BEF541900F61314 /* Resources */,
				F815566CB49ACE7DDD3D58EB /* [CP] Embed Pods Frameworks */,
			);
			buildRules = (
			);
			dependencies = (
				230A55152BEF541900F61314 /* PBXTargetDependency */,
			);
			name = ChatAppUITests;
			productName = ChatAppUITests;
			productReference = 230A55132BEF541900F61314 /* ChatAppUITests.xctest */;
			productType = "com.apple.product-type.bundle.ui-testing";
		};
/* End PBXNativeTarget section */

/* Begin PBXProject section */
		230A54EB2BEF541700F61314 /* Project object */ = {
			isa = PBXProject;
			attributes = {
				BuildIndependentTargetsInParallel = 1;
				LastSwiftUpdateCheck = 1530;
				LastUpgradeCheck = 1530;
				TargetAttributes = {
					230A54F22BEF541700F61314 = {
						CreatedOnToolsVersion = 15.3;
					};
					230A55082BEF541900F61314 = {
						CreatedOnToolsVersion = 15.3;
						TestTargetID = 230A54F22BEF541700F61314;
					};
					230A55122BEF541900F61314 = {
						CreatedOnToolsVersion = 15.3;
						TestTargetID = 230A54F22BEF541700F61314;
					};
				};
			};
			buildConfigurationList = 230A54EE2BEF541700F61314 /* Build configuration list for PBXProject "ChatApp" */;
			compatibilityVersion = "Xcode 14.0";
			developmentRegion = en;
			hasScannedForEncodings = 0;
			knownRegions = (
				en,
				Base,
			);
			mainGroup = 230A54EA2BEF541700F61314;
			productRefGroup = 230A54F42BEF541700F61314 /* Products */;
			projectDirPath = "";
			projectRoot = "";
			targets = (
				230A54F22BEF541700F61314 /* ChatApp */,
				230A55082BEF541900F61314 /* ChatAppTests */,
				230A55122BEF541900F61314 /* ChatAppUITests */,
			);
		};
/* End PBXProject section */

/* Begin PBXResourcesBuildPhase section */
		230A54F12BEF541700F61314 /* Resources */ = {
			isa = PBXResourcesBuildPhase;
			buildActionMask = 2147483647;
			files = (
				230A55002BEF541900F61314 /* Assets.xcassets in Resources */,
				23D875592BEFE661002B3DC7 /* GoogleService-Info.plist in Resources */,
				230A55032BEF541900F61314 /* Base in Resources */,
				230A54FE2BEF541700F61314 /* Base in Resources */,
			);
			runOnlyForDeploymentPostprocessing = 0;
		};
		230A55072BEF541900F61314 /* Resources */ = {
			isa = PBXResourcesBuildPhase;
			buildActionMask = 2147483647;
			files = (
			);
			runOnlyForDeploymentPostprocessing = 0;
		};
		230A55112BEF541900F61314 /* Resources */ = {
			isa = PBXResourcesBuildPhase;
			buildActionMask = 2147483647;
			files = (
			);
			runOnlyForDeploymentPostprocessing = 0;
		};
/* End PBXResourcesBuildPhase section */

/* Begin PBXShellScriptBuildPhase section */
		0F74738722B92D0193EAC268 /* [CP] Check Pods Manifest.lock */ = {
			isa = PBXShellScriptBuildPhase;
			buildActionMask = 2147483647;
			files = (
			);
			inputFileListPaths = (
			);
			inputPaths = (
				"${PODS_PODFILE_DIR_PATH}/Podfile.lock",
				"${PODS_ROOT}/Manifest.lock",
			);
			name = "[CP] Check Pods Manifest.lock";
			outputFileListPaths = (
			);
			outputPaths = (
				"$(DERIVED_FILE_DIR)/Pods-ChatApp-checkManifestLockResult.txt",
			);
			runOnlyForDeploymentPostprocessing = 0;
			shellPath = /bin/sh;
			shellScript = "diff \"${PODS_PODFILE_DIR_PATH}/Podfile.lock\" \"${PODS_ROOT}/Manifest.lock\" > /dev/null\nif [ $? != 0 ] ; then\n    # print error to STDERR\n    echo \"error: The sandbox is not in sync with the Podfile.lock. Run 'pod install' or update your CocoaPods installation.\" >&2\n    exit 1\nfi\n# This output is used by Xcode 'outputs' to avoid re-running this script phase.\necho \"SUCCESS\" > \"${SCRIPT_OUTPUT_FILE_0}\"\n";
			showEnvVarsInLog = 0;
		};
		90EF719572962072FFC435D1 /* [CP] Embed Pods Frameworks */ = {
			isa = PBXShellScriptBuildPhase;
			buildActionMask = 2147483647;
			files = (
			);
			inputFileListPaths = (
				"${PODS_ROOT}/Target Support Files/Pods-ChatApp/Pods-ChatApp-frameworks-${CONFIGURATION}-input-files.xcfilelist",
			);
			name = "[CP] Embed Pods Frameworks";
			outputFileListPaths = (
				"${PODS_ROOT}/Target Support Files/Pods-ChatApp/Pods-ChatApp-frameworks-${CONFIGURATION}-output-files.xcfilelist",
			);
			runOnlyForDeploymentPostprocessing = 0;
			shellPath = /bin/sh;
			shellScript = "\"${PODS_ROOT}/Target Support Files/Pods-ChatApp/Pods-ChatApp-frameworks.sh\"\n";
			showEnvVarsInLog = 0;
		};
		C4F82766E9E54B7632C73F2F /* [CP] Check Pods Manifest.lock */ = {
			isa = PBXShellScriptBuildPhase;
			buildActionMask = 2147483647;
			files = (
			);
			inputFileListPaths = (
			);
			inputPaths = (
				"${PODS_PODFILE_DIR_PATH}/Podfile.lock",
				"${PODS_ROOT}/Manifest.lock",
			);
			name = "[CP] Check Pods Manifest.lock";
			outputFileListPaths = (
			);
			outputPaths = (
				"$(DERIVED_FILE_DIR)/Pods-ChatAppTests-checkManifestLockResult.txt",
			);
			runOnlyForDeploymentPostprocessing = 0;
			shellPath = /bin/sh;
			shellScript = "diff \"${PODS_PODFILE_DIR_PATH}/Podfile.lock\" \"${PODS_ROOT}/Manifest.lock\" > /dev/null\nif [ $? != 0 ] ; then\n    # print error to STDERR\n    echo \"error: The sandbox is not in sync with the Podfile.lock. Run 'pod install' or update your CocoaPods installation.\" >&2\n    exit 1\nfi\n# This output is used by Xcode 'outputs' to avoid re-running this script phase.\necho \"SUCCESS\" > \"${SCRIPT_OUTPUT_FILE_0}\"\n";
			showEnvVarsInLog = 0;
		};
		D26FF7B94013D3363A7D2296 /* [CP] Check Pods Manifest.lock */ = {
			isa = PBXShellScriptBuildPhase;
			buildActionMask = 2147483647;
			files = (
			);
			inputFileListPaths = (
			);
			inputPaths = (
				"${PODS_PODFILE_DIR_PATH}/Podfile.lock",
				"${PODS_ROOT}/Manifest.lock",
			);
			name = "[CP] Check Pods Manifest.lock";
			outputFileListPaths = (
			);
			outputPaths = (
				"$(DERIVED_FILE_DIR)/Pods-ChatApp-ChatAppUITests-checkManifestLockResult.txt",
			);
			runOnlyForDeploymentPostprocessing = 0;
			shellPath = /bin/sh;
			shellScript = "diff \"${PODS_PODFILE_DIR_PATH}/Podfile.lock\" \"${PODS_ROOT}/Manifest.lock\" > /dev/null\nif [ $? != 0 ] ; then\n    # print error to STDERR\n    echo \"error: The sandbox is not in sync with the Podfile.lock. Run 'pod install' or update your CocoaPods installation.\" >&2\n    exit 1\nfi\n# This output is used by Xcode 'outputs' to avoid re-running this script phase.\necho \"SUCCESS\" > \"${SCRIPT_OUTPUT_FILE_0}\"\n";
			showEnvVarsInLog = 0;
		};
		F815566CB49ACE7DDD3D58EB /* [CP] Embed Pods Frameworks */ = {
			isa = PBXShellScriptBuildPhase;
			buildActionMask = 2147483647;
			files = (
			);
			inputFileListPaths = (
				"${PODS_ROOT}/Target Support Files/Pods-ChatApp-ChatAppUITests/Pods-ChatApp-ChatAppUITests-frameworks-${CONFIGURATION}-input-files.xcfilelist",
			);
			name = "[CP] Embed Pods Frameworks";
			outputFileListPaths = (
				"${PODS_ROOT}/Target Support Files/Pods-ChatApp-ChatAppUITests/Pods-ChatApp-ChatAppUITests-frameworks-${CONFIGURATION}-output-files.xcfilelist",
			);
			runOnlyForDeploymentPostprocessing = 0;
			shellPath = /bin/sh;
			shellScript = "\"${PODS_ROOT}/Target Support Files/Pods-ChatApp-ChatAppUITests/Pods-ChatApp-ChatAppUITests-frameworks.sh\"\n";
			showEnvVarsInLog = 0;
		};
/* End PBXShellScriptBuildPhase section */

/* Begin PBXSourcesBuildPhase section */
		230A54EF2BEF541700F61314 /* Sources */ = {
			isa = PBXSourcesBuildPhase;
			buildActionMask = 2147483647;
			files = (
				230A552D2BEF583500F61314 /* LoginViewController.swift in Sources */,
				230A552F2BEF586A00F61314 /* RegisterViewController.swift in Sources */,
				230A55352BEF594200F61314 /* NewConversationViewController.swift in Sources */,
				230A54FB2BEF541700F61314 /* ConversationsViewController.swift in Sources */,
				230A55332BEF592F00F61314 /* VideoPlayerViewController.swift in Sources */,
				230A553A2BEF614B00F61314 /* Extensions.swift in Sources */,
				230A54F72BEF541700F61314 /* AppDelegate.swift in Sources */,
				230A55372BEF595D00F61314 /* ProfileViewController.swift in Sources */,
				230A54F92BEF541700F61314 /* SceneDelegate.swift in Sources */,
				230A55312BEF591A00F61314 /* PhotoViewerViewController.swift in Sources */,
			);
			runOnlyForDeploymentPostprocessing = 0;
		};
		230A55052BEF541900F61314 /* Sources */ = {
			isa = PBXSourcesBuildPhase;
			buildActionMask = 2147483647;
			files = (
				230A550E2BEF541900F61314 /* ChatAppTests.swift in Sources */,
			);
			runOnlyForDeploymentPostprocessing = 0;
		};
		230A550F2BEF541900F61314 /* Sources */ = {
			isa = PBXSourcesBuildPhase;
			buildActionMask = 2147483647;
			files = (
				230A551A2BEF541900F61314 /* ChatAppUITestsLaunchTests.swift in Sources */,
				230A55182BEF541900F61314 /* ChatAppUITests.swift in Sources */,
			);
			runOnlyForDeploymentPostprocessing = 0;
		};
/* End PBXSourcesBuildPhase section */

/* Begin PBXTargetDependency section */
		230A550B2BEF541900F61314 /* PBXTargetDependency */ = {
			isa = PBXTargetDependency;
			target = 230A54F22BEF541700F61314 /* ChatApp */;
			targetProxy = 230A550A2BEF541900F61314 /* PBXContainerItemProxy */;
		};
		230A55152BEF541900F61314 /* PBXTargetDependency */ = {
			isa = PBXTargetDependency;
			target = 230A54F22BEF541700F61314 /* ChatApp */;
			targetProxy = 230A55142BEF541900F61314 /* PBXContainerItemProxy */;
		};
/* End PBXTargetDependency section */

/* Begin PBXVariantGroup section */
		230A54FC2BEF541700F61314 /* Main.storyboard */ = {
			isa = PBXVariantGroup;
			children = (
				230A54FD2BEF541700F61314 /* Base */,
			);
			name = Main.storyboard;
			sourceTree = "<group>";
		};
		230A55012BEF541900F61314 /* LaunchScreen.storyboard */ = {
			isa = PBXVariantGroup;
			children = (
				230A55022BEF541900F61314 /* Base */,
			);
			name = LaunchScreen.storyboard;
			sourceTree = "<group>";
		};
/* End PBXVariantGroup section */

/* Begin XCBuildConfiguration section */
		230A551B2BEF541900F61314 /* Debug */ = {
			isa = XCBuildConfiguration;
			buildSettings = {
				ALWAYS_SEARCH_USER_PATHS = NO;
				ASSETCATALOG_COMPILER_GENERATE_SWIFT_ASSET_SYMBOL_EXTENSIONS = YES;
				CLANG_ANALYZER_NONNULL = YES;
				CLANG_ANALYZER_NUMBER_OBJECT_CONVERSION = YES_AGGRESSIVE;
				CLANG_CXX_LANGUAGE_STANDARD = "gnu++20";
				CLANG_ENABLE_MODULES = YES;
				CLANG_ENABLE_OBJC_ARC = YES;
				CLANG_ENABLE_OBJC_WEAK = YES;
				CLANG_WARN_BLOCK_CAPTURE_AUTORELEASING = YES;
				CLANG_WARN_BOOL_CONVERSION = YES;
				CLANG_WARN_COMMA = YES;
				CLANG_WARN_CONSTANT_CONVERSION = YES;
				CLANG_WARN_DEPRECATED_OBJC_IMPLEMENTATIONS = YES;
				CLANG_WARN_DIRECT_OBJC_ISA_USAGE = YES_ERROR;
				CLANG_WARN_DOCUMENTATION_COMMENTS = YES;
				CLANG_WARN_EMPTY_BODY = YES;
				CLANG_WARN_ENUM_CONVERSION = YES;
				CLANG_WARN_INFINITE_RECURSION = YES;
				CLANG_WARN_INT_CONVERSION = YES;
				CLANG_WARN_NON_LITERAL_NULL_CONVERSION = YES;
				CLANG_WARN_OBJC_IMPLICIT_RETAIN_SELF = YES;
				CLANG_WARN_OBJC_LITERAL_CONVERSION = YES;
				CLANG_WARN_OBJC_ROOT_CLASS = YES_ERROR;
				CLANG_WARN_QUOTED_INCLUDE_IN_FRAMEWORK_HEADER = YES;
				CLANG_WARN_RANGE_LOOP_ANALYSIS = YES;
				CLANG_WARN_STRICT_PROTOTYPES = YES;
				CLANG_WARN_SUSPICIOUS_MOVE = YES;
				CLANG_WARN_UNGUARDED_AVAILABILITY = YES_AGGRESSIVE;
				CLANG_WARN_UNREACHABLE_CODE = YES;
				CLANG_WARN__DUPLICATE_METHOD_MATCH = YES;
				COPY_PHASE_STRIP = NO;
				DEBUG_INFORMATION_FORMAT = dwarf;
				ENABLE_STRICT_OBJC_MSGSEND = YES;
				ENABLE_TESTABILITY = YES;
				ENABLE_USER_SCRIPT_SANDBOXING = YES;
				GCC_C_LANGUAGE_STANDARD = gnu17;
				GCC_DYNAMIC_NO_PIC = NO;
				GCC_NO_COMMON_BLOCKS = YES;
				GCC_OPTIMIZATION_LEVEL = 0;
				GCC_PREPROCESSOR_DEFINITIONS = (
					"DEBUG=1",
					"$(inherited)",
				);
				GCC_WARN_64_TO_32_BIT_CONVERSION = YES;
				GCC_WARN_ABOUT_RETURN_TYPE = YES_ERROR;
				GCC_WARN_UNDECLARED_SELECTOR = YES;
				GCC_WARN_UNINITIALIZED_AUTOS = YES_AGGRESSIVE;
				GCC_WARN_UNUSED_FUNCTION = YES;
				GCC_WARN_UNUSED_VARIABLE = YES;
				IPHONEOS_DEPLOYMENT_TARGET = 17.4;
				LOCALIZATION_PREFERS_STRING_CATALOGS = YES;
				MTL_ENABLE_DEBUG_INFO = INCLUDE_SOURCE;
				MTL_FAST_MATH = YES;
				ONLY_ACTIVE_ARCH = YES;
				SDKROOT = iphoneos;
				SWIFT_ACTIVE_COMPILATION_CONDITIONS = "DEBUG $(inherited)";
				SWIFT_OPTIMIZATION_LEVEL = "-Onone";
			};
			name = Debug;
		};
		230A551C2BEF541900F61314 /* Release */ = {
			isa = XCBuildConfiguration;
			buildSettings = {
				ALWAYS_SEARCH_USER_PATHS = NO;
				ASSETCATALOG_COMPILER_GENERATE_SWIFT_ASSET_SYMBOL_EXTENSIONS = YES;
				CLANG_ANALYZER_NONNULL = YES;
				CLANG_ANALYZER_NUMBER_OBJECT_CONVERSION = YES_AGGRESSIVE;
				CLANG_CXX_LANGUAGE_STANDARD = "gnu++20";
				CLANG_ENABLE_MODULES = YES;
				CLANG_ENABLE_OBJC_ARC = YES;
				CLANG_ENABLE_OBJC_WEAK = YES;
				CLANG_WARN_BLOCK_CAPTURE_AUTORELEASING = YES;
				CLANG_WARN_BOOL_CONVERSION = YES;
				CLANG_WARN_COMMA = YES;
				CLANG_WARN_CONSTANT_CONVERSION = YES;
				CLANG_WARN_DEPRECATED_OBJC_IMPLEMENTATIONS = YES;
				CLANG_WARN_DIRECT_OBJC_ISA_USAGE = YES_ERROR;
				CLANG_WARN_DOCUMENTATION_COMMENTS = YES;
				CLANG_WARN_EMPTY_BODY = YES;
				CLANG_WARN_ENUM_CONVERSION = YES;
				CLANG_WARN_INFINITE_RECURSION = YES;
				CLANG_WARN_INT_CONVERSION = YES;
				CLANG_WARN_NON_LITERAL_NULL_CONVERSION = YES;
				CLANG_WARN_OBJC_IMPLICIT_RETAIN_SELF = YES;
				CLANG_WARN_OBJC_LITERAL_CONVERSION = YES;
				CLANG_WARN_OBJC_ROOT_CLASS = YES_ERROR;
				CLANG_WARN_QUOTED_INCLUDE_IN_FRAMEWORK_HEADER = YES;
				CLANG_WARN_RANGE_LOOP_ANALYSIS = YES;
				CLANG_WARN_STRICT_PROTOTYPES = YES;
				CLANG_WARN_SUSPICIOUS_MOVE = YES;
				CLANG_WARN_UNGUARDED_AVAILABILITY = YES_AGGRESSIVE;
				CLANG_WARN_UNREACHABLE_CODE = YES;
				CLANG_WARN__DUPLICATE_METHOD_MATCH = YES;
				COPY_PHASE_STRIP = NO;
				DEBUG_INFORMATION_FORMAT = "dwarf-with-dsym";
				ENABLE_NS_ASSERTIONS = NO;
				ENABLE_STRICT_OBJC_MSGSEND = YES;
				ENABLE_USER_SCRIPT_SANDBOXING = YES;
				GCC_C_LANGUAGE_STANDARD = gnu17;
				GCC_NO_COMMON_BLOCKS = YES;
				GCC_WARN_64_TO_32_BIT_CONVERSION = YES;
				GCC_WARN_ABOUT_RETURN_TYPE = YES_ERROR;
				GCC_WARN_UNDECLARED_SELECTOR = YES;
				GCC_WARN_UNINITIALIZED_AUTOS = YES_AGGRESSIVE;
				GCC_WARN_UNUSED_FUNCTION = YES;
				GCC_WARN_UNUSED_VARIABLE = YES;
				IPHONEOS_DEPLOYMENT_TARGET = 17.4;
				LOCALIZATION_PREFERS_STRING_CATALOGS = YES;
				MTL_ENABLE_DEBUG_INFO = NO;
				MTL_FAST_MATH = YES;
				SDKROOT = iphoneos;
				SWIFT_COMPILATION_MODE = wholemodule;
				VALIDATE_PRODUCT = YES;
			};
			name = Release;
		};
		230A551E2BEF541900F61314 /* Debug */ = {
			isa = XCBuildConfiguration;
			baseConfigurationReference = 85031B403CB03ED9167F4B5A /* Pods-ChatApp.debug.xcconfig */;
			buildSettings = {
				ASSETCATALOG_COMPILER_APPICON_NAME = AppIcon;
				ASSETCATALOG_COMPILER_GLOBAL_ACCENT_COLOR_NAME = AccentColor;
				CODE_SIGN_STYLE = Automatic;
				CURRENT_PROJECT_VERSION = 1;
				ENABLE_USER_SCRIPT_SANDBOXING = NO;
				GENERATE_INFOPLIST_FILE = YES;
				INFOPLIST_FILE = ChatApp/Info.plist;
				INFOPLIST_KEY_UIApplicationSupportsIndirectInputEvents = YES;
				INFOPLIST_KEY_UILaunchStoryboardName = LaunchScreen;
				INFOPLIST_KEY_UIMainStoryboardFile = Main;
				INFOPLIST_KEY_UISupportedInterfaceOrientations = UIInterfaceOrientationPortrait;
				IPHONEOS_DEPLOYMENT_TARGET = 13.5;
				LD_RUNPATH_SEARCH_PATHS = (
					"$(inherited)",
					"@executable_path/Frameworks",
				);
				MARKETING_VERSION = 1.0;
				PRODUCT_BUNDLE_IDENTIFIER = anurag.ChatApp;
				PRODUCT_NAME = "$(TARGET_NAME)";
				SUPPORTED_PLATFORMS = "iphoneos iphonesimulator";
				SUPPORTS_MACCATALYST = NO;
				SUPPORTS_MAC_DESIGNED_FOR_IPHONE_IPAD = NO;
				SUPPORTS_XR_DESIGNED_FOR_IPHONE_IPAD = NO;
				SWIFT_EMIT_LOC_STRINGS = YES;
				SWIFT_VERSION = 5.0;
				TARGETED_DEVICE_FAMILY = "1,2";
			};
			name = Debug;
		};
		230A551F2BEF541900F61314 /* Release */ = {
			isa = XCBuildConfiguration;
			baseConfigurationReference = CD440CCA6220683FFBF396F0 /* Pods-ChatApp.release.xcconfig */;
			buildSettings = {
				ASSETCATALOG_COMPILER_APPICON_NAME = AppIcon;
				ASSETCATALOG_COMPILER_GLOBAL_ACCENT_COLOR_NAME = AccentColor;
				CODE_SIGN_STYLE = Automatic;
				CURRENT_PROJECT_VERSION = 1;
				ENABLE_USER_SCRIPT_SANDBOXING = NO;
				GENERATE_INFOPLIST_FILE = YES;
				INFOPLIST_FILE = ChatApp/Info.plist;
				INFOPLIST_KEY_UIApplicationSupportsIndirectInputEvents = YES;
				INFOPLIST_KEY_UILaunchStoryboardName = LaunchScreen;
				INFOPLIST_KEY_UIMainStoryboardFile = Main;
				INFOPLIST_KEY_UISupportedInterfaceOrientations = UIInterfaceOrientationPortrait;
				IPHONEOS_DEPLOYMENT_TARGET = 13.5;
				LD_RUNPATH_SEARCH_PATHS = (
					"$(inherited)",
					"@executable_path/Frameworks",
				);
				MARKETING_VERSION = 1.0;
				PRODUCT_BUNDLE_IDENTIFIER = anurag.ChatApp;
				PRODUCT_NAME = "$(TARGET_NAME)";
				SUPPORTED_PLATFORMS = "iphoneos iphonesimulator";
				SUPPORTS_MACCATALYST = NO;
				SUPPORTS_MAC_DESIGNED_FOR_IPHONE_IPAD = NO;
				SUPPORTS_XR_DESIGNED_FOR_IPHONE_IPAD = NO;
				SWIFT_EMIT_LOC_STRINGS = YES;
				SWIFT_VERSION = 5.0;
				TARGETED_DEVICE_FAMILY = "1,2";
			};
			name = Release;
		};
		230A55212BEF541900F61314 /* Debug */ = {
			isa = XCBuildConfiguration;
			baseConfigurationReference = 882D52A8C7A8C97BD7D11E08 /* Pods-ChatAppTests.debug.xcconfig */;
			buildSettings = {
				ALWAYS_EMBED_SWIFT_STANDARD_LIBRARIES = YES;
				BUNDLE_LOADER = "$(TEST_HOST)";
				CODE_SIGN_STYLE = Automatic;
				CURRENT_PROJECT_VERSION = 1;
				GENERATE_INFOPLIST_FILE = YES;
				IPHONEOS_DEPLOYMENT_TARGET = 17.4;
				MARKETING_VERSION = 1.0;
				PRODUCT_BUNDLE_IDENTIFIER = anurag.ChatAppTests;
				PRODUCT_NAME = "$(TARGET_NAME)";
				SWIFT_EMIT_LOC_STRINGS = NO;
				SWIFT_VERSION = 5.0;
				TARGETED_DEVICE_FAMILY = "1,2";
				TEST_HOST = "$(BUILT_PRODUCTS_DIR)/ChatApp.app/$(BUNDLE_EXECUTABLE_FOLDER_PATH)/ChatApp";
			};
			name = Debug;
		};
		230A55222BEF541900F61314 /* Release */ = {
			isa = XCBuildConfiguration;
			baseConfigurationReference = D23F17A965DFD671BADFC533 /* Pods-ChatAppTests.release.xcconfig */;
			buildSettings = {
				ALWAYS_EMBED_SWIFT_STANDARD_LIBRARIES = YES;
				BUNDLE_LOADER = "$(TEST_HOST)";
				CODE_SIGN_STYLE = Automatic;
				CURRENT_PROJECT_VERSION = 1;
				GENERATE_INFOPLIST_FILE = YES;
				IPHONEOS_DEPLOYMENT_TARGET = 17.4;
				MARKETING_VERSION = 1.0;
				PRODUCT_BUNDLE_IDENTIFIER = anurag.ChatAppTests;
				PRODUCT_NAME = "$(TARGET_NAME)";
				SWIFT_EMIT_LOC_STRINGS = NO;
				SWIFT_VERSION = 5.0;
				TARGETED_DEVICE_FAMILY = "1,2";
				TEST_HOST = "$(BUILT_PRODUCTS_DIR)/ChatApp.app/$(BUNDLE_EXECUTABLE_FOLDER_PATH)/ChatApp";
			};
			name = Release;
		};
		230A55242BEF541900F61314 /* Debug */ = {
			isa = XCBuildConfiguration;
			baseConfigurationReference = 21C8A737CEECAE0EA13D9A56 /* Pods-ChatApp-ChatAppUITests.debug.xcconfig */;
			buildSettings = {
				ALWAYS_EMBED_SWIFT_STANDARD_LIBRARIES = YES;
				CODE_SIGN_STYLE = Automatic;
				CURRENT_PROJECT_VERSION = 1;
				GENERATE_INFOPLIST_FILE = YES;
				MARKETING_VERSION = 1.0;
				PRODUCT_BUNDLE_IDENTIFIER = anurag.ChatAppUITests;
				PRODUCT_NAME = "$(TARGET_NAME)";
				SWIFT_EMIT_LOC_STRINGS = NO;
				SWIFT_VERSION = 5.0;
				TARGETED_DEVICE_FAMILY = "1,2";
				TEST_TARGET_NAME = ChatApp;
			};
			name = Debug;
		};
		230A55252BEF541900F61314 /* Release */ = {
			isa = XCBuildConfiguration;
			baseConfigurationReference = 0410E77414A47C6D462F0D9A /* Pods-ChatApp-ChatAppUITests.release.xcconfig */;
			buildSettings = {
				ALWAYS_EMBED_SWIFT_STANDARD_LIBRARIES = YES;
				CODE_SIGN_STYLE = Automatic;
				CURRENT_PROJECT_VERSION = 1;
				GENERATE_INFOPLIST_FILE = YES;
				MARKETING_VERSION = 1.0;
				PRODUCT_BUNDLE_IDENTIFIER = anurag.ChatAppUITests;
				PRODUCT_NAME = "$(TARGET_NAME)";
				SWIFT_EMIT_LOC_STRINGS = NO;
				SWIFT_VERSION = 5.0;
				TARGETED_DEVICE_FAMILY = "1,2";
				TEST_TARGET_NAME = ChatApp;
			};
			name = Release;
		};
/* End XCBuildConfiguration section */

/* Begin XCConfigurationList section */
		230A54EE2BEF541700F61314 /* Build configuration list for PBXProject "ChatApp" */ = {
			isa = XCConfigurationList;
			buildConfigurations = (
				230A551B2BEF541900F61314 /* Debug */,
				230A551C2BEF541900F61314 /* Release */,
			);
			defaultConfigurationIsVisible = 0;
			defaultConfigurationName = Release;
		};
		230A551D2BEF541900F61314 /* Build configuration list for PBXNativeTarget "ChatApp" */ = {
			isa = XCConfigurationList;
			buildConfigurations = (
				230A551E2BEF541900F61314 /* Debug */,
				230A551F2BEF541900F61314 /* Release */,
			);
			defaultConfigurationIsVisible = 0;
			defaultConfigurationName = Release;
		};
		230A55202BEF541900F61314 /* Build configuration list for PBXNativeTarget "ChatAppTests" */ = {
			isa = XCConfigurationList;
			buildConfigurations = (
				230A55212BEF541900F61314 /* Debug */,
				230A55222BEF541900F61314 /* Release */,
			);
			defaultConfigurationIsVisible = 0;
			defaultConfigurationName = Release;
		};
		230A55232BEF541900F61314 /* Build configuration list for PBXNativeTarget "ChatAppUITests" */ = {
			isa = XCConfigurationList;
			buildConfigurations = (
				230A55242BEF541900F61314 /* Debug */,
				230A55252BEF541900F61314 /* Release */,
			);
			defaultConfigurationIsVisible = 0;
			defaultConfigurationName = Release;
		};
/* End XCConfigurationList section */
	};
	rootObject = 230A54EB2BEF541700F61314 /* Project object */;
}
